<?xml version="1.0" encoding="utf-8"?>
<Project ToolsVersion="4.0" xmlns="http://schemas.microsoft.com/developer/msbuild/2003">
  <ItemGroup>
    <Filter Include="Common">
      <UniqueIdentifier>ec222535-efe6-4a4e-b5cf-53b30adf87f9</UniqueIdentifier>
    </Filter>
    <Filter Include="Assets">
      <UniqueIdentifier>d4817250-0575-40d3-8ff7-151f5f7ea0b6</UniqueIdentifier>
      <Extensions>bmp;fbx;gif;jpg;jpeg;tga;tiff;tif;png</Extensions>
    </Filter>
    <Filter Include="Content">
      <UniqueIdentifier>7b770e30-86a4-470d-b1f3-99e80ee1b383</UniqueIdentifier>
    </Filter>
    <Image Include="Assets\LockScreenLogo.scale-200.png">
      <Filter>Assets</Filter>
    </Image>
    <Image Include="Assets\SplashScreen.scale-200.png">
      <Filter>Assets</Filter>
    </Image>
    <Image Include="Assets\Square150x150Logo.scale-200.png">
      <Filter>Assets</Filter>
    </Image>
    <Image Include="Assets\Square44x44Logo.scale-200.png">
      <Filter>Assets</Filter>
    </Image>
    <Image Include="Assets\Square44x44Logo.targetsize-24_altform-unplated.png">
      <Filter>Assets</Filter>
    </Image>
    <Image Include="Assets\Wide310x150Logo.scale-200.png">
      <Filter>Assets</Filter>
    </Image>
  </ItemGroup>
  <ItemGroup>
    <Image Include="Assets\StoreLogo.png">
      <Filter>Assets</Filter>
    </Image>
    <Image Include="Assets\data\tyrian.ico">
      <Filter>Assets</Filter>
    </Image>
  </ItemGroup>
  <ItemGroup>
    <AppxManifest Include="Package.appxmanifest" />
  </ItemGroup>
  <ItemGroup>
    <None Include="OpenTyrian-UWP_TemporaryKey.pfx" />
    <None Include="Assets\data\cubetxt1.dat">
      <Filter>Assets</Filter>
    </None>
    <None Include="Assets\data\cubetxt2.dat">
      <Filter>Assets</Filter>
    </None>
    <None Include="Assets\data\cubetxt3.dat">
      <Filter>Assets</Filter>
    </None>
    <None Include="Assets\data\cubetxt4.dat">
      <Filter>Assets</Filter>
    </None>
    <None Include="Assets\data\demo.1">
      <Filter>Assets</Filter>
    </None>
    <None Include="Assets\data\demo.2">
      <Filter>Assets</Filter>
    </None>
    <None Include="Assets\data\demo.3">
      <Filter>Assets</Filter>
    </None>
    <None Include="Assets\data\demo.4">
      <Filter>Assets</Filter>
    </None>
    <None Include="Assets\data\demo.5">
      <Filter>Assets</Filter>
    </None>
    <None Include="Assets\data\dpmi16bi.ovl">
      <Filter>Assets</Filter>
    </None>
    <None Include="Assets\data\estsc.shp">
      <Filter>Assets</Filter>
    </None>
    <None Include="Assets\data\exitmsg.bin">
      <Filter>Assets</Filter>
    </None>
    <None Include="Assets\data\file_id.diz">
      <Filter>Assets</Filter>
    </None>
    <None Include="Assets\data\file0001.exe">
      <Filter>Assets</Filter>
    </None>
    <None Include="Assets\data\file0002.exe">
      <Filter>Assets</Filter>
    </None>
    <None Include="Assets\data\helpme.doc">
      <Filter>Assets</Filter>
    </None>
    <None Include="Assets\data\helpme.exe">
      <Filter>Assets</Filter>
    </None>
    <None Include="Assets\data\levels1.dat">
      <Filter>Assets</Filter>
    </None>
    <None Include="Assets\data\levels2.dat">
      <Filter>Assets</Filter>
    </None>
    <None Include="Assets\data\levels3.dat">
      <Filter>Assets</Filter>
    </None>
    <None Include="Assets\data\levels4.dat">
      <Filter>Assets</Filter>
    </None>
    <None Include="Assets\data\license.doc">
      <Filter>Assets</Filter>
    </None>
    <None Include="Assets\data\loudness.awe">
      <Filter>Assets</Filter>
    </None>
    <None Include="Assets\data\manual.doc">
      <Filter>Assets</Filter>
    </None>
    <None Include="Assets\data\music.mus">
      <Filter>Assets</Filter>
    </None>
    <None Include="Assets\data\netarena.exe">
      <Filter>Assets</Filter>
    </None>
    <None Include="Assets\data\netarena.pcx">
      <Filter>Assets</Filter>
    </None>
    <None Include="Assets\data\netfont1.pcx">
      <Filter>Assets</Filter>
    </None>
    <None Include="Assets\data\netfont2.pcx">
      <Filter>Assets</Filter>
    </None>
    <None Include="Assets\data\netipx.exe">
      <Filter>Assets</Filter>
    </None>
    <None Include="Assets\data\netmega.pcx">
      <Filter>Assets</Filter>
    </None>
    <None Include="Assets\data\netmodem.exe">
      <Filter>Assets</Filter>
    </None>
    <None Include="Assets\data\netset.pcx">
      <Filter>Assets</Filter>
    </None>
    <None Include="Assets\data\netterm.exe">
      <Filter>Assets</Filter>
    </None>
    <None Include="Assets\data\netterm.int">
      <Filter>Assets</Filter>
    </None>
    <None Include="Assets\data\newsh#.shp">
      <Filter>Assets</Filter>
    </None>
    <None Include="Assets\data\newsh^.shp">
      <Filter>Assets</Filter>
    </None>
    <None Include="Assets\data\newsh~.shp">
      <Filter>Assets</Filter>
    </None>
    <None Include="Assets\data\newsh0.shp">
      <Filter>Assets</Filter>
    </None>
    <None Include="Assets\data\newsh1.shp">
      <Filter>Assets</Filter>
    </None>
    <None Include="Assets\data\newsh2.shp">
      <Filter>Assets</Filter>
    </None>
    <None Include="Assets\data\newsh3.shp">
      <Filter>Assets</Filter>
    </None>
    <None Include="Assets\data\newsh4.shp">
      <Filter>Assets</Filter>
    </None>
    <None Include="Assets\data\newsh5.shp">
      <Filter>Assets</Filter>
    </None>
    <None Include="Assets\data\newsh6.shp">
      <Filter>Assets</Filter>
    </None>
    <None Include="Assets\data\newsh7.shp">
      <Filter>Assets</Filter>
    </None>
    <None Include="Assets\data\newsh8.shp">
      <Filter>Assets</Filter>
    </None>
    <None Include="Assets\data\newsh9.shp">
      <Filter>Assets</Filter>
    </None>
    <None Include="Assets\data\newsha.shp">
      <Filter>Assets</Filter>
    </None>
    <None Include="Assets\data\newshb.shp">
      <Filter>Assets</Filter>
    </None>
    <None Include="Assets\data\newshc.shp">
      <Filter>Assets</Filter>
    </None>
    <None Include="Assets\data\newshd.shp">
      <Filter>Assets</Filter>
    </None>
    <None Include="Assets\data\newshe.shp">
      <Filter>Assets</Filter>
    </None>
    <None Include="Assets\data\newshf.shp">
      <Filter>Assets</Filter>
    </None>
    <None Include="Assets\data\newshg.shp">
      <Filter>Assets</Filter>
    </None>
    <None Include="Assets\data\newshh.shp">
      <Filter>Assets</Filter>
    </None>
    <None Include="Assets\data\newshi.shp">
      <Filter>Assets</Filter>
    </None>
    <None Include="Assets\data\newshj.shp">
      <Filter>Assets</Filter>
    </None>
    <None Include="Assets\data\newshk.shp">
      <Filter>Assets</Filter>
    </None>
    <None Include="Assets\data\newshl.shp">
      <Filter>Assets</Filter>
    </None>
    <None Include="Assets\data\newshm.shp">
      <Filter>Assets</Filter>
    </None>
    <None Include="Assets\data\newshn.shp">
      <Filter>Assets</Filter>
    </None>
    <None Include="Assets\data\newsho.shp">
      <Filter>Assets</Filter>
    </None>
    <None Include="Assets\data\newshp.shp">
      <Filter>Assets</Filter>
    </None>
    <None Include="Assets\data\newshr.shp">
      <Filter>Assets</Filter>
    </None>
    <None Include="Assets\data\newshs.shp">
      <Filter>Assets</Filter>
    </None>
    <None Include="Assets\data\newsht.shp">
      <Filter>Assets</Filter>
    </None>
    <None Include="Assets\data\newshu.shp">
      <Filter>Assets</Filter>
    </None>
    <None Include="Assets\data\newshv.shp">
      <Filter>Assets</Filter>
    </None>
    <None Include="Assets\data\order.doc">
      <Filter>Assets</Filter>
    </None>
    <None Include="Assets\data\order.exe">
      <Filter>Assets</Filter>
    </None>
    <None Include="Assets\data\order.tfp">
      <Filter>Assets</Filter>
    </None>
    <None Include="Assets\data\palette.dat">
      <Filter>Assets</Filter>
    </None>
    <None Include="Assets\data\rtm.exe">
      <Filter>Assets</Filter>
    </None>
    <None Include="Assets\data\setup.box">
      <Filter>Assets</Filter>
    </None>
    <None Include="Assets\data\setup.exe">
      <Filter>Assets</Filter>
    </None>
    <None Include="Assets\data\setup.ini">
      <Filter>Assets</Filter>
    </None>
    <None Include="Assets\data\setup.int">
      <Filter>Assets</Filter>
    </None>
    <None Include="Assets\data\shapes).dat">
      <Filter>Assets</Filter>
    </None>
    <None Include="Assets\data\shapesw.dat">
      <Filter>Assets</Filter>
    </None>
    <None Include="Assets\data\shapesx.dat">
      <Filter>Assets</Filter>
    </None>
    <None Include="Assets\data\shapesy.dat">
      <Filter>Assets</Filter>
    </None>
    <None Include="Assets\data\shapesz.dat">
      <Filter>Assets</Filter>
    </None>
    <None Include="Assets\data\shipedit.doc">
      <Filter>Assets</Filter>
    </None>
    <None Include="Assets\data\shipedit.exe">
      <Filter>Assets</Filter>
    </None>
    <None Include="Assets\data\shipedit.pcx">
      <Filter>Assets</Filter>
    </None>
    <None Include="Assets\data\tshp2.pcx">
      <Filter>Assets</Filter>
    </None>
    <None Include="Assets\data\tyrend.anm">
      <Filter>Assets</Filter>
    </None>
    <None Include="Assets\data\tyrian.cdt">
      <Filter>Assets</Filter>
    </None>
    <None Include="Assets\data\tyrian.exe">
      <Filter>Assets</Filter>
    </None>
    <None Include="Assets\data\tyrian.hdt">
      <Filter>Assets</Filter>
    </None>
    <None Include="Assets\data\tyrian.pic">
      <Filter>Assets</Filter>
    </None>
    <None Include="Assets\data\tyrian.shp">
      <Filter>Assets</Filter>
    </None>
    <None Include="Assets\data\tyrian.snd">
      <Filter>Assets</Filter>
    </None>
    <None Include="Assets\data\tyrian1.lvl">
      <Filter>Assets</Filter>
    </None>
    <None Include="Assets\data\tyrian2.lvl">
      <Filter>Assets</Filter>
    </None>
    <None Include="Assets\data\tyrian3.lvl">
      <Filter>Assets</Filter>
    </None>
    <None Include="Assets\data\tyrian4.lvl">
      <Filter>Assets</Filter>
    </None>
    <None Include="Assets\data\tyrianc.shp">
      <Filter>Assets</Filter>
    </None>
    <None Include="Assets\data\tyrset.pcx">
      <Filter>Assets</Filter>
    </None>
    <None Include="Assets\data\user1.shp">
      <Filter>Assets</Filter>
    </None>
    <None Include="Assets\data\user2.shp">
      <Filter>Assets</Filter>
    </None>
    <None Include="Assets\data\voices.snd">
      <Filter>Assets</Filter>
    </None>
    <None Include="Assets\data\voicesc.snd">
      <Filter>Assets</Filter>
    </None>
  </ItemGroup>
  <ItemGroup>
    <ClCompile Include="opentyrian\animlib.c" />
    <ClCompile Include="opentyrian\arg_parse.c" />
    <ClCompile Include="opentyrian\backgrnd.c" />
    <ClCompile Include="opentyrian\config.c" />
    <ClCompile Include="opentyrian\config_file.c" />
    <ClCompile Include="opentyrian\destruct.c" />
    <ClCompile Include="opentyrian\editship.c" />
    <ClCompile Include="opentyrian\episodes.c" />
    <ClCompile Include="opentyrian\file.c" />
    <ClCompile Include="opentyrian\font.c" />
    <ClCompile Include="opentyrian\fonthand.c" />
    <ClCompile Include="opentyrian\game_menu.c" />
    <ClCompile Include="opentyrian\helptext.c" />
    <ClCompile Include="opentyrian\joystick.c" />
    <ClCompile Include="opentyrian\jukebox.c" />
    <ClCompile Include="opentyrian\keyboard.c" />
    <ClCompile Include="opentyrian\lds_play.c" />
    <ClCompile Include="opentyrian\loudness.c" />
    <ClCompile Include="opentyrian\lvllib.c" />
    <ClCompile Include="opentyrian\lvlmast.c" />
    <ClCompile Include="opentyrian\mainint.c" />
    <ClCompile Include="opentyrian\menus.c" />
    <ClCompile Include="opentyrian\mouse.c" />
    <ClCompile Include="opentyrian\mtrand.c" />
    <ClCompile Include="opentyrian\musmast.c" />
    <ClCompile Include="opentyrian\network.c" />
    <ClCompile Include="opentyrian\nortsong.c" />
    <ClCompile Include="opentyrian\nortvars.c" />
    <ClCompile Include="opentyrian\opentyr.c" />
    <ClCompile Include="opentyrian\opl.c" />
    <ClCompile Include="opentyrian\palette.c" />
    <ClCompile Include="opentyrian\params.c" />
    <ClCompile Include="opentyrian\pcxload.c" />
    <ClCompile Include="opentyrian\pcxmast.c" />
    <ClCompile Include="opentyrian\picload.c" />
    <ClCompile Include="opentyrian\player.c" />
    <ClCompile Include="opentyrian\scroller.c" />
    <ClCompile Include="opentyrian\setup.c" />
    <ClCompile Include="opentyrian\shots.c" />
    <ClCompile Include="opentyrian\sizebuf.c" />
    <ClCompile Include="opentyrian\sndmast.c" />
    <ClCompile Include="opentyrian\sprite.c" />
    <ClCompile Include="opentyrian\starlib.c" />
    <ClCompile Include="opentyrian\std_support.c" />
    <ClCompile Include="opentyrian\tyrian2.c" />
    <ClCompile Include="opentyrian\varz.c" />
    <ClCompile Include="opentyrian\vga_palette.c" />
    <ClCompile Include="opentyrian\vga256d.c" />
    <ClCompile Include="opentyrian\video.c" />
    <ClCompile Include="opentyrian\video_scale.c" />
    <ClCompile Include="opentyrian\video_scale_hqNx.c" />
    <ClCompile Include="opentyrian\xmas.c" />
    <ClCompile Include="SDL_winrt_main_NonXAML.cpp" />
  </ItemGroup>
  <ItemGroup>
    <ClInclude Include="opentyrian\animlib.h" />
    <ClInclude Include="opentyrian\arg_parse.h" />
    <ClInclude Include="opentyrian\backgrnd.h" />
    <ClInclude Include="opentyrian\config.h" />
    <ClInclude Include="opentyrian\config_file.h" />
    <ClInclude Include="opentyrian\destruct.h" />
    <ClInclude Include="opentyrian\editship.h" />
    <ClInclude Include="opentyrian\episodes.h" />
    <ClInclude Include="opentyrian\file.h" />
    <ClInclude Include="opentyrian\font.h" />
    <ClInclude Include="opentyrian\fonthand.h" />
    <ClInclude Include="opentyrian\game_menu.h" />
    <ClInclude Include="opentyrian\helptext.h" />
    <ClInclude Include="opentyrian\hg_revision.h" />
    <ClInclude Include="opentyrian\joystick.h" />
    <ClInclude Include="opentyrian\jukebox.h" />
    <ClInclude Include="opentyrian\keyboard.h" />
    <ClInclude Include="opentyrian\lds_play.h" />
    <ClInclude Include="opentyrian\loudness.h" />
    <ClInclude Include="opentyrian\lvllib.h" />
    <ClInclude Include="opentyrian\lvlmast.h" />
    <ClInclude Include="opentyrian\mainint.h" />
    <ClInclude Include="opentyrian\menus.h" />
    <ClInclude Include="opentyrian\mouse.h" />
    <ClInclude Include="opentyrian\mtrand.h" />
    <ClInclude Include="opentyrian\musmast.h" />
    <ClInclude Include="opentyrian\network.h" />
    <ClInclude Include="opentyrian\nortsong.h" />
    <ClInclude Include="opentyrian\nortvars.h" />
    <ClInclude Include="opentyrian\opentyr.h" />
    <ClInclude Include="opentyrian\opl.h" />
    <ClInclude Include="opentyrian\palette.h" />
    <ClInclude Include="opentyrian\params.h" />
    <ClInclude Include="opentyrian\pcxload.h" />
    <ClInclude Include="opentyrian\pcxmast.h" />
    <ClInclude Include="opentyrian\picload.h" />
    <ClInclude Include="opentyrian\player.h" />
    <ClInclude Include="opentyrian\scroller.h" />
    <ClInclude Include="opentyrian\setup.h" />
    <ClInclude Include="opentyrian\shots.h" />
    <ClInclude Include="opentyrian\sizebuf.h" />
    <ClInclude Include="opentyrian\sndmast.h" />
    <ClInclude Include="opentyrian\sprite.h" />
    <ClInclude Include="opentyrian\starlib.h" />
    <ClInclude Include="opentyrian\std_support.h" />
    <ClInclude Include="opentyrian\tyrian2.h" />
    <ClInclude Include="opentyrian\varz.h" />
    <ClInclude Include="opentyrian\vga_palette.h" />
    <ClInclude Include="opentyrian\vga256d.h" />
    <ClInclude Include="opentyrian\video.h" />
    <ClInclude Include="opentyrian\video_scale.h" />
    <ClInclude Include="opentyrian\xmas.h" />
  </ItemGroup>
  <ItemGroup>
    <Text Include="Assets\data\modems.txt">
      <Filter>Assets</Filter>
    </Text>
  </ItemGroup>
</Project>